
Microsoft Visual Studio Solution File, Format Version 12.00
# Visual Studio Version 17
VisualStudioVersion = 17.8.34316.72
MinimumVisualStudioVersion = 10.0.40219.1
Project("{FAE04EC0-301F-11D3-BF4B-00C04F79EFBC}") = "Fruitlist_Exercise", "Fruitlist_Exercise\Fruitlist_Exercise.csproj", "{2E71DE13-04AB-4323-87AC-F83D89E4A064}"
EndProject
Project("{FAE04EC0-301F-11D3-BF4B-00C04F79EFBC}") = "DAL_FruitList_exercise", "DAL_FruitList_exercise\DAL_FruitList_exercise.csproj", "{6E733D03-B0F6-49D2-8AF5-548F5AED8D0C}"
EndProject
Global
	GlobalSection(SolutionConfigurationPlatforms) = preSolution
		Debug|Any CPU = Debug|Any CPU
		Release|Any CPU = Release|Any CPU
	EndGlobalSection
	GlobalSection(ProjectConfigurationPlatforms) = postSolution
		{2E71DE13-04AB-4323-87AC-F83D89E4A064}.Debug|Any CPU.ActiveCfg = Debug|Any CPU
		{2E71DE13-04AB-4323-87AC-F83D89E4A064}.Debug|Any CPU.Build.0 = Debug|Any CPU
		{2E71DE13-04AB-4323-87AC-F83D89E4A064}.Release|Any CPU.ActiveCfg = Release|Any CPU
		{2E71DE13-04AB-4323-87AC-F83D89E4A064}.Release|Any CPU.Build.0 = Release|Any CPU
		{6E733D03-B0F6-49D2-8AF5-548F5AED8D0C}.Debug|Any CPU.ActiveCfg = Debug|Any CPU
		{6E733D03-B0F6-49D2-8AF5-548F5AED8D0C}.Debug|Any CPU.Build.0 = Debug|Any CPU
		{6E733D03-B0F6-49D2-8AF5-548F5AED8D0C}.Release|Any CPU.ActiveCfg = Release|Any CPU
		{6E733D03-B0F6-49D2-8AF5-548F5AED8D0C}.Release|Any CPU.Build.0 = Release|Any CPU
	EndGlobalSection
	GlobalSection(SolutionProperties) = preSolution
		HideSolutionNode = FALSE
	EndGlobalSection
	GlobalSection(ExtensibilityGlobals) = postSolution
		SolutionGuid = {1BFBA511-F01A-482D-8105-AE5EA6A267C9}
	EndGlobalSection
EndGlobal
